#MicroXplorer Configuration settings - do not modify
Mcu.Family=STM32F4
RCC.PLLSourceVirtual=RCC_PLLSOURCE_HSE
ProjectManager.MainLocation=Core/Src
PD12.GPIO_Label=green
ProjectManager.ProjectFileName=semaphore_test.ioc
PH0-OSC_IN.Signal=RCC_OSC_IN
USART2.IPParameters=VirtualMode
RCC.CortexFreq_Value=8000000
FREERTOS.Tasks01=NormalTask,0,128,StartNormaTask,Default,NULL,Dynamic,NULL,NULL;HighTask,1,128,StartHighTask,Default,NULL,Dynamic,NULL,NULL;LowTask,-1,128,StartLowTask,Default,NULL,Dynamic,NULL,NULL
FREERTOS.BinarySemaphores01=BinSem,Dynamic,NULL
PD15.GPIO_Label=orange
ProjectManager.KeepUserCode=true
Mcu.UserName=STM32F407VGTx
Mcu.PinsNb=11
ProjectManager.NoMain=false
NVIC.SavedSvcallIrqHandlerGenerated=true
RCC.PLLCLKFreq_Value=48000000
RCC.PLLQCLKFreq_Value=24000000
ProjectManager.functionlistsort=1-MX_GPIO_Init-GPIO-false-HAL-true,2-SystemClock_Config-RCC-false-HAL-false,3-MX_USART2_UART_Init-USART2-false-HAL-true
PD13.GPIOParameters=GPIO_Label
SH.GPXTI0.ConfNb=1
RCC.RTCFreq_Value=32000
ProjectManager.DefaultFWLocation=true
ProjectManager.DeletePrevious=true
PinOutPanel.RotationAngle=0
PA0-WKUP.GPIO_ModeDefaultEXTI=GPIO_MODE_IT_RISING
RCC.FamilyName=M
RCC.SYSCLKSource=RCC_SYSCLKSOURCE_HSE
ProjectManager.StackSize=0x400
PA0-WKUP.Signal=GPXTI0
PA0-WKUP.Locked=true
PD12.Locked=true
PD13.Signal=GPIO_Output
PA3.Mode=Asynchronous
Mcu.IP4=USART2
RCC.FCLKCortexFreq_Value=8000000
PD13.Locked=true
VP_FREERTOS_VS_CMSIS_V1.Signal=FREERTOS_VS_CMSIS_V1
NVIC.SVCall_IRQn=true\:0\:0\:false\:false\:false\:false\:false\:false
Mcu.IP2=RCC
Mcu.IP3=SYS
Mcu.IP0=FREERTOS
Mcu.IP1=NVIC
Mcu.UserConstants=
PD15.GPIOParameters=GPIO_Label
PD12.GPIOParameters=GPIO_Label
ProjectManager.TargetToolchain=STM32CubeIDE
Mcu.ThirdPartyNb=0
RCC.HCLKFreq_Value=8000000
Mcu.IPNb=5
RCC.I2SClocksFreq_Value=48000000
ProjectManager.PreviousToolchain=
RCC.APB2TimFreq_Value=8000000
RCC.VcooutputI2S=48000000
Mcu.Pin6=PD13
Mcu.Pin7=PD14
ProjectManager.RegisterCallBack=
Mcu.Pin8=PD15
Mcu.Pin9=VP_FREERTOS_VS_CMSIS_V1
FREERTOS.IPParameters=Tasks01,FootprintOK,BinarySemaphores01
RCC.LSE_VALUE=32768
RCC.AHBFreq_Value=8000000
PH0-OSC_IN.Mode=HSE-External-Oscillator
Mcu.Pin0=PH0-OSC_IN
Mcu.Pin1=PH1-OSC_OUT
GPIO.groupedBy=Group By Peripherals
Mcu.Pin2=PA0-WKUP
Mcu.Pin3=PA2
Mcu.Pin4=PA3
PA0-WKUP.GPIOParameters=GPIO_ModeDefaultEXTI
RCC.VCOI2SOutputFreq_Value=96000000
Mcu.Pin5=PD12
ProjectManager.ProjectBuild=false
RCC.HSE_VALUE=8000000
NVIC.UsageFault_IRQn=true\:0\:0\:false\:false\:true\:false\:false\:false
NVIC.DebugMonitor_IRQn=true\:0\:0\:false\:false\:true\:false\:false\:false
board=custom
RCC.VCOOutputFreq_Value=96000000
NVIC.SysTick_IRQn=true\:15\:0\:false\:false\:false\:true\:false\:true
ProjectManager.LastFirmware=true
ProjectManager.FirmwarePackage=STM32Cube FW_F4 V1.26.0
MxDb.Version=DB.6.0.20
NVIC.SavedSystickIrqHandlerGenerated=true
RCC.APB2Freq_Value=8000000
ProjectManager.BackupPrevious=false
MxCube.Version=6.2.0
RCC.VCOInputFreq_Value=500000
VP_SYS_VS_tim1.Signal=SYS_VS_tim1
VP_SYS_VS_tim1.Mode=TIM1
File.Version=6
RCC.EthernetFreq_Value=8000000
PH1-OSC_OUT.Signal=RCC_OSC_OUT
NVIC.NonMaskableInt_IRQn=true\:0\:0\:false\:false\:true\:false\:false\:false
PD14.GPIO_Label=blue
NVIC.PendSV_IRQn=true\:15\:0\:false\:false\:false\:true\:false\:false
VP_FREERTOS_VS_CMSIS_V1.Mode=CMSIS_V1
ProjectManager.FreePins=false
RCC.IPParameters=48MHZClocksFreq_Value,AHBFreq_Value,APB1Freq_Value,APB1TimFreq_Value,APB2Freq_Value,APB2TimFreq_Value,CortexFreq_Value,EthernetFreq_Value,FCLKCortexFreq_Value,FamilyName,HCLKFreq_Value,HSE_VALUE,HSI_VALUE,I2SClocksFreq_Value,LSE_VALUE,LSI_VALUE,MCO2PinFreq_Value,PLLCLKFreq_Value,PLLQCLKFreq_Value,PLLSourceVirtual,RTCFreq_Value,RTCHSEDivFreq_Value,SYSCLKFreq_VALUE,SYSCLKSource,VCOI2SOutputFreq_Value,VCOInputFreq_Value,VCOOutputFreq_Value,VcooutputI2S
ProjectManager.AskForMigrate=true
Mcu.Name=STM32F407V(E-G)Tx
ProjectManager.HalAssertFull=false
NVIC.SavedPendsvIrqHandlerGenerated=true
RCC.RTCHSEDivFreq_Value=4000000
PA2.Signal=USART2_TX
ProjectManager.ProjectName=semaphore_test
ProjectManager.UnderRoot=true
PD14.Signal=GPIO_Output
ProjectManager.CoupleFile=false
PH1-OSC_OUT.Mode=HSE-External-Oscillator
RCC.48MHZClocksFreq_Value=24000000
RCC.MCO2PinFreq_Value=8000000
NVIC.EXTI0_IRQn=true\:5\:0\:false\:false\:true\:false\:true\:true
PD14.GPIOParameters=GPIO_Label
RCC.SYSCLKFreq_VALUE=8000000
PD13.GPIO_Label=red
Mcu.Package=LQFP100
NVIC.TimeBase=TIM1_UP_TIM10_IRQn
NVIC.ForceEnableDMAVector=true
KeepUserPlacement=false
USART2.VirtualMode=VM_ASYNC
PD12.Signal=GPIO_Output
NVIC.MemoryManagement_IRQn=true\:0\:0\:false\:false\:true\:false\:false\:false
ProjectManager.CompilerOptimize=6
ProjectManager.ToolChainLocation=
PD14.Locked=true
PD15.Locked=true
RCC.LSI_VALUE=32000
SH.GPXTI0.0=GPIO_EXTI0
NVIC.TimeBaseIP=TIM1
FREERTOS.FootprintOK=true
ProjectManager.HeapSize=0x200
NVIC.HardFault_IRQn=true\:0\:0\:false\:false\:true\:false\:false\:false
NVIC.TIM1_UP_TIM10_IRQn=true\:0\:0\:false\:false\:true\:false\:false\:true
ProjectManager.ComputerToolchain=false
RCC.HSI_VALUE=16000000
NVIC.PriorityGroup=NVIC_PRIORITYGROUP_4
Mcu.Pin10=VP_SYS_VS_tim1
RCC.APB1TimFreq_Value=8000000
PA2.Mode=Asynchronous
NVIC.BusFault_IRQn=true\:0\:0\:false\:false\:true\:false\:false\:false
RCC.APB1Freq_Value=8000000
PD15.Signal=GPIO_Output
ProjectManager.CustomerFirmwarePackage=
ProjectManager.DeviceId=STM32F407VGTx
ProjectManager.LibraryCopy=1
PA3.Signal=USART2_RX
isbadioc=false
