#MicroXplorer Configuration settings - do not modify
Mcu.Family=STM32F4
ADC2.ClockPrescaler=ADC_CLOCK_SYNC_PCLK_DIV4
ProjectManager.MainLocation=Core/Src
PD12.GPIO_Label=green
ProjectManager.ProjectFileName=ADC.ioc
PH0-OSC_IN.Signal=RCC_OSC_IN
RCC.CortexFreq_Value=16000000
FREERTOS.Tasks01=ADC_Task,0,128,StartDefaultTask,Default,NULL,Dynamic,NULL,NULL;GPIO_LED_TASK,0,128,Gpio_task_init,Default,NULL,Dynamic,NULL,NULL
FREERTOS.BinarySemaphores01=myBinSem01,Dynamic,NULL
PD15.GPIO_Label=blue
ProjectManager.KeepUserCode=true
Mcu.UserName=STM32F407VGTx
Mcu.PinsNb=12
ProjectManager.NoMain=false
ADC2.Channel-0\#ChannelRegularConversion=ADC_CHANNEL_1
NVIC.SavedSvcallIrqHandlerGenerated=true
RCC.PLLCLKFreq_Value=96000000
RCC.PLLQCLKFreq_Value=48000000
ProjectManager.functionlistsort=1-MX_GPIO_Init-GPIO-false-HAL-true,2-SystemClock_Config-RCC-false-HAL-false,3-MX_ADC2_Init-ADC2-false-HAL-true
PD13.GPIOParameters=GPIO_Label
RCC.RTCFreq_Value=32000
ProjectManager.DefaultFWLocation=true
ProjectManager.DeletePrevious=true
PinOutPanel.RotationAngle=0
RCC.FamilyName=M
ProjectManager.StackSize=0x400
PA0-WKUP.GPIO_Label=Button
PA0-WKUP.Signal=GPIO_Input
PA0-WKUP.Locked=true
PD12.Locked=true
PA13.Signal=SYS_JTMS-SWDIO
PD13.Signal=GPIO_Output
Mcu.IP4=SYS
PD13.Locked=true
VP_FREERTOS_VS_CMSIS_V1.Signal=FREERTOS_VS_CMSIS_V1
Mcu.IP2=NVIC
NVIC.SVCall_IRQn=true\:0\:0\:false\:false\:false\:false\:false\:false
NVIC.ADC_IRQn=true\:5\:0\:false\:false\:true\:true\:true\:true
Mcu.IP3=RCC
Mcu.IP0=ADC2
Mcu.IP1=FREERTOS
Mcu.UserConstants=
PD15.GPIOParameters=GPIO_Label
PD12.GPIOParameters=GPIO_Label
ProjectManager.TargetToolchain=STM32CubeIDE
Mcu.ThirdPartyNb=0
ADC2.IPParameters=Rank-0\#ChannelRegularConversion,Channel-0\#ChannelRegularConversion,SamplingTime-0\#ChannelRegularConversion,NbrOfConversionFlag,ClockPrescaler,Resolution
Mcu.IPNb=5
RCC.I2SClocksFreq_Value=96000000
ProjectManager.PreviousToolchain=
RCC.VcooutputI2S=96000000
Mcu.Pin6=PD14
Mcu.Pin7=PD15
ProjectManager.RegisterCallBack=
Mcu.Pin8=PA13
Mcu.Pin9=PA14
FREERTOS.IPParameters=Tasks01,FootprintOK,BinarySemaphores01
RCC.LSE_VALUE=32768
PA1.Signal=ADCx_IN1
RCC.AHBFreq_Value=16000000
PH0-OSC_IN.Mode=HSE-External-Oscillator
Mcu.Pin0=PH0-OSC_IN
Mcu.Pin1=PH1-OSC_OUT
GPIO.groupedBy=Group By Peripherals
Mcu.Pin2=PA0-WKUP
Mcu.Pin3=PA1
Mcu.Pin4=PD12
PA0-WKUP.GPIOParameters=GPIO_Label
RCC.VCOI2SOutputFreq_Value=192000000
Mcu.Pin5=PD13
ProjectManager.ProjectBuild=false
RCC.HSE_VALUE=25000000
NVIC.UsageFault_IRQn=true\:0\:0\:false\:false\:true\:false\:false\:false
NVIC.DebugMonitor_IRQn=true\:0\:0\:false\:false\:true\:false\:false\:false
board=custom
RCC.VCOOutputFreq_Value=192000000
NVIC.SysTick_IRQn=true\:15\:0\:false\:false\:false\:true\:false\:true
ProjectManager.LastFirmware=true
ProjectManager.FirmwarePackage=STM32Cube FW_F4 V1.26.0
MxDb.Version=DB.6.0.20
NVIC.SavedSystickIrqHandlerGenerated=true
RCC.APB2Freq_Value=16000000
ProjectManager.BackupPrevious=false
MxCube.Version=6.2.0
RCC.VCOInputFreq_Value=1000000
VP_SYS_VS_tim1.Signal=SYS_VS_tim1
PA14.Mode=Serial_Wire
SH.ADCx_IN1.ConfNb=1
VP_SYS_VS_tim1.Mode=TIM1
File.Version=6
PH1-OSC_OUT.Signal=RCC_OSC_OUT
NVIC.NonMaskableInt_IRQn=true\:0\:0\:false\:false\:true\:false\:false\:false
PD14.GPIO_Label=yellow
NVIC.PendSV_IRQn=true\:15\:0\:false\:false\:false\:true\:false\:false
VP_FREERTOS_VS_CMSIS_V1.Mode=CMSIS_V1
PA13.Mode=Serial_Wire
ProjectManager.FreePins=false
RCC.IPParameters=AHBFreq_Value,APB1Freq_Value,APB2Freq_Value,CortexFreq_Value,FamilyName,HSE_VALUE,HSI_VALUE,I2SClocksFreq_Value,LSE_VALUE,LSI_VALUE,PLLCLKFreq_Value,PLLQCLKFreq_Value,RTCFreq_Value,RTCHSEDivFreq_Value,SYSCLKFreq_VALUE,VCOI2SOutputFreq_Value,VCOInputFreq_Value,VCOOutputFreq_Value,VcooutputI2S
ProjectManager.AskForMigrate=true
Mcu.Name=STM32F407V(E-G)Tx
ADC2.Resolution=ADC_RESOLUTION_10B
ProjectManager.HalAssertFull=false
NVIC.SavedPendsvIrqHandlerGenerated=true
RCC.RTCHSEDivFreq_Value=12500000
ProjectManager.ProjectName=ADC
ProjectManager.UnderRoot=true
PD14.Signal=GPIO_Output
ProjectManager.CoupleFile=false
PH1-OSC_OUT.Mode=HSE-External-Oscillator
PD14.GPIOParameters=GPIO_Label
RCC.SYSCLKFreq_VALUE=16000000
PD13.GPIO_Label=red
Mcu.Package=LQFP100
NVIC.TimeBase=TIM1_UP_TIM10_IRQn
ADC2.NbrOfConversionFlag=1
NVIC.ForceEnableDMAVector=true
KeepUserPlacement=false
PD12.Signal=GPIO_Output
NVIC.MemoryManagement_IRQn=true\:0\:0\:false\:false\:true\:false\:false\:false
ProjectManager.CompilerOptimize=6
ProjectManager.ToolChainLocation=
PD15.Locked=true
PD14.Locked=true
RCC.LSI_VALUE=32000
NVIC.TimeBaseIP=TIM1
PA14.Signal=SYS_JTCK-SWCLK
FREERTOS.FootprintOK=true
ProjectManager.HeapSize=0x200
NVIC.HardFault_IRQn=true\:0\:0\:false\:false\:true\:false\:false\:false
ADC2.SamplingTime-0\#ChannelRegularConversion=ADC_SAMPLETIME_28CYCLES
NVIC.TIM1_UP_TIM10_IRQn=true\:0\:0\:false\:false\:true\:false\:false\:true
ProjectManager.ComputerToolchain=false
RCC.HSI_VALUE=16000000
NVIC.PriorityGroup=NVIC_PRIORITYGROUP_4
SH.ADCx_IN1.0=ADC2_IN1,IN1
Mcu.Pin11=VP_SYS_VS_tim1
Mcu.Pin10=VP_FREERTOS_VS_CMSIS_V1
NVIC.BusFault_IRQn=true\:0\:0\:false\:false\:true\:false\:false\:false
ADC2.Rank-0\#ChannelRegularConversion=1
RCC.APB1Freq_Value=16000000
PD15.Signal=GPIO_Output
ProjectManager.CustomerFirmwarePackage=
ProjectManager.DeviceId=STM32F407VGTx
ProjectManager.LibraryCopy=1
isbadioc=false
